
Microsoft Visual Studio Solution File, Format Version 12.00
# Visual Studio Version 16
VisualStudioVersion = 16.0.31112.23
MinimumVisualStudioVersion = 10.0.40219.1
Project("{FAE04EC0-301F-11D3-BF4B-00C04F79EFBC}") = "EasySecuritiesManager", "EasySecuritiesManager\EasySecuritiesManager.csproj", "{F0D297AB-A70E-4258-9C87-25CE8CD3E6C5}"
EndProject
Global
	GlobalSection(SolutionConfigurationPlatforms) = preSolution
		Debug|Any CPU = Debug|Any CPU
		Release|Any CPU = Release|Any CPU
	EndGlobalSection
	GlobalSection(ProjectConfigurationPlatforms) = postSolution
		{F0D297AB-A70E-4258-9C87-25CE8CD3E6C5}.Debug|Any CPU.ActiveCfg = Debug|Any CPU
		{F0D297AB-A70E-4258-9C87-25CE8CD3E6C5}.Debug|Any CPU.Build.0 = Debug|Any CPU
		{F0D297AB-A70E-4258-9C87-25CE8CD3E6C5}.Release|Any CPU.ActiveCfg = Release|Any CPU
		{F0D297AB-A70E-4258-9C87-25CE8CD3E6C5}.Release|Any CPU.Build.0 = Release|Any CPU
	EndGlobalSection
	GlobalSection(SolutionProperties) = preSolution
		HideSolutionNode = FALSE
	EndGlobalSection
	GlobalSection(ExtensibilityGlobals) = postSolution
		SolutionGuid = {74DDD2F3-7A1B-4886-B5B8-F6EBB7C06A1A}
	EndGlobalSection
EndGlobal
